
Microsoft Visual Studio Solution File, Format Version 12.00
# Visual Studio Version 16
VisualStudioVersion = 16.0.32002.261
MinimumVisualStudioVersion = 10.0.40219.1
Project("{8BC9CEB8-8B4A-11D0-8D11-00A0C91BC942}") = "opencv_test", "opencv_test.vcxproj", "{03C818E9-05C7-4491-B348-78CF08392DE9}"
EndProject
Global
	GlobalSection(SolutionConfigurationPlatforms) = preSolution
		Debug|x64 = Debug|x64
		Debug|x86 = Debug|x86
		Release|x64 = Release|x64
		Release|x86 = Release|x86
	EndGlobalSection
	GlobalSection(ProjectConfigurationPlatforms) = postSolution
		{03C818E9-05C7-4491-B348-78CF08392DE9}.Debug|x64.ActiveCfg = Debug|x64
		{03C818E9-05C7-4491-B348-78CF08392DE9}.Debug|x64.Build.0 = Debug|x64
		{03C818E9-05C7-4491-B348-78CF08392DE9}.Debug|x86.ActiveCfg = Debug|Win32
		{03C818E9-05C7-4491-B348-78CF08392DE9}.Debug|x86.Build.0 = Debug|Win32
		{03C818E9-05C7-4491-B348-78CF08392DE9}.Release|x64.ActiveCfg = Release|x64
		{03C818E9-05C7-4491-B348-78CF08392DE9}.Release|x64.Build.0 = Release|x64
		{03C818E9-05C7-4491-B348-78CF08392DE9}.Release|x86.ActiveCfg = Release|Win32
		{03C818E9-05C7-4491-B348-78CF08392DE9}.Release|x86.Build.0 = Release|Win32
	EndGlobalSection
	GlobalSection(SolutionProperties) = preSolution
		HideSolutionNode = FALSE
	EndGlobalSection
	GlobalSection(ExtensibilityGlobals) = postSolution
		SolutionGuid = {116B07DA-3EF1-404C-8C68-FCC7D63D8A1A}
	EndGlobalSection
EndGlobal
